
Microsoft Visual Studio Solution File, Format Version 12.00
# Visual Studio 15
VisualStudioVersion = 15.0.28010.2016
MinimumVisualStudioVersion = 10.0.40219.1
Project("{9A19103F-16F7-4668-BE54-9A1E7A4F7556}") = "CourseZero", "CourseZero\CourseZero.csproj", "{CC64FC12-6FB0-477D-868B-F712AAA9E37C}"
EndProject
Global
	GlobalSection(SolutionConfigurationPlatforms) = preSolution
		Debug|Any CPU = Debug|Any CPU
		Release|Any CPU = Release|Any CPU
	EndGlobalSection
	GlobalSection(ProjectConfigurationPlatforms) = postSolution
		{CC64FC12-6FB0-477D-868B-F712AAA9E37C}.Debug|Any CPU.ActiveCfg = Debug|Any CPU
		{CC64FC12-6FB0-477D-868B-F712AAA9E37C}.Debug|Any CPU.Build.0 = Debug|Any CPU
		{CC64FC12-6FB0-477D-868B-F712AAA9E37C}.Release|Any CPU.ActiveCfg = Release|Any CPU
		{CC64FC12-6FB0-477D-868B-F712AAA9E37C}.Release|Any CPU.Build.0 = Release|Any CPU
	EndGlobalSection
	GlobalSection(SolutionProperties) = preSolution
		HideSolutionNode = FALSE
	EndGlobalSection
	GlobalSection(ExtensibilityGlobals) = postSolution
		SolutionGuid = {2D96E421-1D76-474F-BBFF-ADD4B6DACCBD}
	EndGlobalSection
EndGlobal
